
Microsoft Visual Studio Solution File, Format Version 12.00
# Visual Studio Version 17
VisualStudioVersion = 17.0.31903.59
MinimumVisualStudioVersion = 10.0.40219.1
Project("{FAE04EC0-301F-11D3-BF4B-00C04F79EFBC}") = "SimpleOrderingSystem", "SimpleOrderingSystem\SimpleOrderingSystem.csproj", "{AF7CCCF8-7440-481D-B528-AE98E6094983}"
EndProject
Project("{FAE04EC0-301F-11D3-BF4B-00C04F79EFBC}") = "SimpleOrderingSystem.Tests", "SimpleOrderingSystem.Tests\SimpleOrderingSystem.Tests.csproj", "{D7315045-DF9D-472D-BDAE-224EF49C0854}"
EndProject
Global
	GlobalSection(SolutionConfigurationPlatforms) = preSolution
		Debug|Any CPU = Debug|Any CPU
		Release|Any CPU = Release|Any CPU
	EndGlobalSection
	GlobalSection(SolutionProperties) = preSolution
		HideSolutionNode = FALSE
	EndGlobalSection
	GlobalSection(ProjectConfigurationPlatforms) = postSolution
		{AF7CCCF8-7440-481D-B528-AE98E6094983}.Debug|Any CPU.ActiveCfg = Debug|Any CPU
		{AF7CCCF8-7440-481D-B528-AE98E6094983}.Debug|Any CPU.Build.0 = Debug|Any CPU
		{AF7CCCF8-7440-481D-B528-AE98E6094983}.Release|Any CPU.ActiveCfg = Release|Any CPU
		{AF7CCCF8-7440-481D-B528-AE98E6094983}.Release|Any CPU.Build.0 = Release|Any CPU
		{D7315045-DF9D-472D-BDAE-224EF49C0854}.Debug|Any CPU.ActiveCfg = Debug|Any CPU
		{D7315045-DF9D-472D-BDAE-224EF49C0854}.Debug|Any CPU.Build.0 = Debug|Any CPU
		{D7315045-DF9D-472D-BDAE-224EF49C0854}.Release|Any CPU.ActiveCfg = Release|Any CPU
		{D7315045-DF9D-472D-BDAE-224EF49C0854}.Release|Any CPU.Build.0 = Release|Any CPU
	EndGlobalSection
EndGlobal
